// !$*UTF8*$!
{
	archiveVersion = 1;
	classes = {
	};
	objectVersion = 77;
	objects = {

/* Begin PBXBuildFile section */
		F229E03C2F0A9D210042A145 /* QRCodesDataBase.xcdatamodeld in Sources */ = {isa = PBXBuildFile; fileRef = F229E03A2F0A9D210042A145 /* QRCodesDataBase.xcdatamodeld */; };
		F229E03F2F0A9E1E0042A145 /* Description.swift in Sources */ = {isa = PBXBuildFile; fileRef = F229E03D2F0A9E1E0042A145 /* Description.swift */; };
		F229E0432F0A9F2C0042A145 /* LinkDTO.swift in Sources */ = {isa = PBXBuildFile; fileRef = F229E0422F0A9F2C0042A145 /* LinkDTO.swift */; };
		F229E0462F0AA7D00042A145 /* LinkMO.swift in Sources */ = {isa = PBXBuildFile; fileRef = F229E0452F0AA7D00042A145 /* LinkMO.swift */; };
		F229E0482F0AAA210042A145 /* ContactDTO.swift in Sources */ = {isa = PBXBuildFile; fileRef = F229E0472F0AAA210042A145 /* ContactDTO.swift */; };
		F229E04A2F0AABF10042A145 /* ContactMO.swift in Sources */ = {isa = PBXBuildFile; fileRef = F229E0492F0AABF10042A145 /* ContactMO.swift */; };
		F229E04C2F0AACB50042A145 /* WiFiDTO.swift in Sources */ = {isa = PBXBuildFile; fileRef = F229E04B2F0AACB50042A145 /* WiFiDTO.swift */; };
		F229E04E2F0AADB60042A145 /* WiFiMO.swift in Sources */ = {isa = PBXBuildFile; fileRef = F229E04D2F0AADB60042A145 /* WiFiMO.swift */; };
		F229E0512F0AAE650042A145 /* BaseStorage.swift in Sources */ = {isa = PBXBuildFile; fileRef = F229E0502F0AAE650042A145 /* BaseStorage.swift */; };
		F229E0542F0AAEBC0042A145 /* PersistenceController.swift in Sources */ = {isa = PBXBuildFile; fileRef = F229E0522F0AAEBC0042A145 /* PersistenceController.swift */; };
		F229E05B2F0AAF2E0042A145 /* FetchDescriptor+MO.swift in Sources */ = {isa = PBXBuildFile; fileRef = F229E0552F0AAF2E0042A145 /* FetchDescriptor+MO.swift */; };
		F229E05C2F0AAF2E0042A145 /* Storage+Error.swift in Sources */ = {isa = PBXBuildFile; fileRef = F229E0562F0AAF2E0042A145 /* Storage+Error.swift */; };
		F229E0682F0AB6010042A145 /* WiFiStorage.swift in Sources */ = {isa = PBXBuildFile; fileRef = F229E0672F0AB6010042A145 /* WiFiStorage.swift */; };
		F229E06A2F0AB6280042A145 /* ContactStorage.swift in Sources */ = {isa = PBXBuildFile; fileRef = F229E0692F0AB6280042A145 /* ContactStorage.swift */; };
		F229E06C2F0AB64C0042A145 /* LinkStorage.swift in Sources */ = {isa = PBXBuildFile; fileRef = F229E06B2F0AB64C0042A145 /* LinkStorage.swift */; };
		F229E06E2F0AB9950042A145 /* TextMO.swift in Sources */ = {isa = PBXBuildFile; fileRef = F229E06D2F0AB9950042A145 /* TextMO.swift */; };
		F229E0702F0AB9B00042A145 /* TextDTO.swift in Sources */ = {isa = PBXBuildFile; fileRef = F229E06F2F0AB9B00042A145 /* TextDTO.swift */; };
		F229E0732F0AC3540042A145 /* LinkScanResultVC.swift in Sources */ = {isa = PBXBuildFile; fileRef = F229E0722F0AC3540042A145 /* LinkScanResultVC.swift */; };
		F229E0762F0AC4EE0042A145 /* LinkScanResultVM.swift in Sources */ = {isa = PBXBuildFile; fileRef = F229E0752F0AC4EE0042A145 /* LinkScanResultVM.swift */; };
		F229E0792F0AD9F70042A145 /* SuccessfulScanView.swift in Sources */ = {isa = PBXBuildFile; fileRef = F229E0782F0AD9F70042A145 /* SuccessfulScanView.swift */; };
		F24A83EE2F0814C60033FEEA /* AppDelegate.swift in Sources */ = {isa = PBXBuildFile; fileRef = F24A83ED2F0814C60033FEEA /* AppDelegate.swift */; };
		F24A83F12F0814FF0033FEEA /* AppsFlyerLib in Frameworks */ = {isa = PBXBuildFile; productRef = F24A83F02F0814FF0033FEEA /* AppsFlyerLib */; };
		F24A83F62F0846BB0033FEEA /* AnalyticsService.swift in Sources */ = {isa = PBXBuildFile; fileRef = F24A83F52F0846BB0033FEEA /* AnalyticsService.swift */; };
		F24A83F92F0846EB0033FEEA /* AnalyticsEvent.swift in Sources */ = {isa = PBXBuildFile; fileRef = F24A83F82F0846EB0033FEEA /* AnalyticsEvent.swift */; };
		F24A83FB2F08496A0033FEEA /* TrackingService.swift in Sources */ = {isa = PBXBuildFile; fileRef = F24A83FA2F08496A0033FEEA /* TrackingService.swift */; };
		F24A83FE2F0961BF0033FEEA /* HomeVC.swift in Sources */ = {isa = PBXBuildFile; fileRef = F24A83FD2F0961BF0033FEEA /* HomeVC.swift */; };
		F24A84022F0962A50033FEEA /* HomeCard.swift in Sources */ = {isa = PBXBuildFile; fileRef = F24A84012F0962A50033FEEA /* HomeCard.swift */; };
		F24A84042F0963760033FEEA /* Extension+Image.swift in Sources */ = {isa = PBXBuildFile; fileRef = F24A84032F0963760033FEEA /* Extension+Image.swift */; };
		F24A84072F0965970033FEEA /* RoundedRectangleAsBackgroundModifier.swift in Sources */ = {isa = PBXBuildFile; fileRef = F24A84052F0965970033FEEA /* RoundedRectangleAsBackgroundModifier.swift */; };
		F24A84092F0966BD0033FEEA /* HomeCardsSection.swift in Sources */ = {isa = PBXBuildFile; fileRef = F24A84082F0966BD0033FEEA /* HomeCardsSection.swift */; };
		F24A84222F096C1D0033FEEA /* HomeCardsAdapter.swift in Sources */ = {isa = PBXBuildFile; fileRef = F24A84212F096C1D0033FEEA /* HomeCardsAdapter.swift */; };
		F24A84242F096EB10033FEEA /* HomeVM.swift in Sources */ = {isa = PBXBuildFile; fileRef = F24A84232F096EB10033FEEA /* HomeVM.swift */; };
		F24A842B2F0976B80033FEEA /* HomeRecentActiviryRow.swift in Sources */ = {isa = PBXBuildFile; fileRef = F24A842A2F0976B80033FEEA /* HomeRecentActiviryRow.swift */; };
		F24A842D2F0976BF0033FEEA /* HomeRecentActivityAdapter.swift in Sources */ = {isa = PBXBuildFile; fileRef = F24A842C2F0976BF0033FEEA /* HomeRecentActivityAdapter.swift */; };
		F24A84322F0990BD0033FEEA /* ScanVC.swift in Sources */ = {isa = PBXBuildFile; fileRef = F24A84312F0990BD0033FEEA /* ScanVC.swift */; };
		F24A84352F0991300033FEEA /* ScanNotificationView.swift in Sources */ = {isa = PBXBuildFile; fileRef = F24A84342F0991300033FEEA /* ScanNotificationView.swift */; };
		F24A84372F09926A0033FEEA /* ScanVM.swift in Sources */ = {isa = PBXBuildFile; fileRef = F24A84362F09926A0033FEEA /* ScanVM.swift */; };
		F24A843B2F0994C70033FEEA /* CameraManager.swift in Sources */ = {isa = PBXBuildFile; fileRef = F24A843A2F0994C70033FEEA /* CameraManager.swift */; };
		F24A843D2F0995EC0033FEEA /* QrCodeManager.swift in Sources */ = {isa = PBXBuildFile; fileRef = F24A843C2F0995EC0033FEEA /* QrCodeManager.swift */; };
		F24A843F2F0996160033FEEA /* DefaultTextProcessor.swift in Sources */ = {isa = PBXBuildFile; fileRef = F24A843E2F0996160033FEEA /* DefaultTextProcessor.swift */; };
		F24A84452F099AFA0033FEEA /* CameraPreviewView.swift in Sources */ = {isa = PBXBuildFile; fileRef = F24A84442F099AFA0033FEEA /* CameraPreviewView.swift */; };
		F24A84472F099B070033FEEA /* CameraPreview.swift in Sources */ = {isa = PBXBuildFile; fileRef = F24A84462F099B070033FEEA /* CameraPreview.swift */; };
		F24A844D2F09A64D0033FEEA /* ScanBottomControls.swift in Sources */ = {isa = PBXBuildFile; fileRef = F24A844C2F09A64D0033FEEA /* ScanBottomControls.swift */; };
		F24A84512F09B0C40033FEEA /* ScannerFrameView.swift in Sources */ = {isa = PBXBuildFile; fileRef = F24A84502F09B0C40033FEEA /* ScannerFrameView.swift */; };
		F24A84532F09B6A50033FEEA /* PhotoPicker.swift in Sources */ = {isa = PBXBuildFile; fileRef = F24A84522F09B6A50033FEEA /* PhotoPicker.swift */; };
		F2B896F62F054DB000574736 /* PaywallProductCard.swift in Sources */ = {isa = PBXBuildFile; fileRef = F2B896F52F054DB000574736 /* PaywallProductCard.swift */; };
		F2B896F82F0551A000574736 /* Extension+Text.swift in Sources */ = {isa = PBXBuildFile; fileRef = F2B896F72F0551A000574736 /* Extension+Text.swift */; };
		F2B896FA2F05574200574736 /* PaywallMonthlyProductCard.swift in Sources */ = {isa = PBXBuildFile; fileRef = F2B896F92F05574200574736 /* PaywallMonthlyProductCard.swift */; };
		F2B896FD2F05585400574736 /* ApphudService+Paywall.swift in Sources */ = {isa = PBXBuildFile; fileRef = F2B896FC2F05585400574736 /* ApphudService+Paywall.swift */; };
		F2B896FF2F05604100574736 /* Extension+UIAplication.swift in Sources */ = {isa = PBXBuildFile; fileRef = F2B896FE2F05604100574736 /* Extension+UIAplication.swift */; };
		F2B897032F05980B00574736 /* TabBarVC.swift in Sources */ = {isa = PBXBuildFile; fileRef = F2B897022F05980B00574736 /* TabBarVC.swift */; };
		F2B897052F05983200574736 /* TabItem.swift in Sources */ = {isa = PBXBuildFile; fileRef = F2B897042F05983200574736 /* TabItem.swift */; };
		F2B897072F05997A00574736 /* TabBarBackground.swift in Sources */ = {isa = PBXBuildFile; fileRef = F2B897062F05997A00574736 /* TabBarBackground.swift */; };
		F2F238892F02BFAD00625BDA /* ApphudSDK in Frameworks */ = {isa = PBXBuildFile; productRef = F2F238882F02BFAD00625BDA /* ApphudSDK */; };
		F2F90AFF2F032B2B00319ACB /* Launch Screen.storyboard in Resources */ = {isa = PBXBuildFile; fileRef = F2F90AD92F032B2B00319ACB /* Launch Screen.storyboard */; };
		F2F90B002F032B2B00319ACB /* Inter-VariableFont_opsz,wght.ttf in Resources */ = {isa = PBXBuildFile; fileRef = F2F90AEA2F032B2B00319ACB /* Inter-VariableFont_opsz,wght.ttf */; };
		F2F90B012F032B2B00319ACB /* Assets.xcassets in Resources */ = {isa = PBXBuildFile; fileRef = F2F90AEF2F032B2B00319ACB /* Assets.xcassets */; };
		F2F90B032F032B2B00319ACB /* AppRouter.swift in Sources */ = {isa = PBXBuildFile; fileRef = F2F90ACF2F032B2B00319ACB /* AppRouter.swift */; };
		F2F90B042F032B2B00319ACB /* MyQRCodesProjectApp.swift in Sources */ = {isa = PBXBuildFile; fileRef = F2F90AD12F032B2B00319ACB /* MyQRCodesProjectApp.swift */; };
		F2F90B052F032B2B00319ACB /* Constants.swift in Sources */ = {isa = PBXBuildFile; fileRef = F2F90AD32F032B2B00319ACB /* Constants.swift */; };
		F2F90B062F032B2B00319ACB /* ActionButton.swift in Sources */ = {isa = PBXBuildFile; fileRef = F2F90AD52F032B2B00319ACB /* ActionButton.swift */; };
		F2F90B072F032B2B00319ACB /* PageControl.swift in Sources */ = {isa = PBXBuildFile; fileRef = F2F90AD62F032B2B00319ACB /* PageControl.swift */; };
		F2F90B082F032B2B00319ACB /* TextButton.swift in Sources */ = {isa = PBXBuildFile; fileRef = F2F90AD72F032B2B00319ACB /* TextButton.swift */; };
		F2F90B092F032B2B00319ACB /* LounchScreen.swift in Sources */ = {isa = PBXBuildFile; fileRef = F2F90ADA2F032B2B00319ACB /* LounchScreen.swift */; };
		F2F90B0A2F032B2B00319ACB /* OnbFirstScreenVC.swift in Sources */ = {isa = PBXBuildFile; fileRef = F2F90ADC2F032B2B00319ACB /* OnbFirstScreenVC.swift */; };
		F2F90B0B2F032B2B00319ACB /* OnbPath.swift in Sources */ = {isa = PBXBuildFile; fileRef = F2F90ADF2F032B2B00319ACB /* OnbPath.swift */; };
		F2F90B0C2F032B2B00319ACB /* OnbRouter.swift in Sources */ = {isa = PBXBuildFile; fileRef = F2F90AE12F032B2B00319ACB /* OnbRouter.swift */; };
		F2F90B0D2F032B2B00319ACB /* OnbRouterModifier.swift in Sources */ = {isa = PBXBuildFile; fileRef = F2F90AE22F032B2B00319ACB /* OnbRouterModifier.swift */; };
		F2F90B0E2F032B2B00319ACB /* OnbSecondScreenVC.swift in Sources */ = {isa = PBXBuildFile; fileRef = F2F90AE42F032B2B00319ACB /* OnbSecondScreenVC.swift */; };
		F2F90B0F2F032B2B00319ACB /* OnbThirdScreenVC.swift in Sources */ = {isa = PBXBuildFile; fileRef = F2F90AE62F032B2B00319ACB /* OnbThirdScreenVC.swift */; };
		F2F90B102F032B2B00319ACB /* AppTextStyle.swift in Sources */ = {isa = PBXBuildFile; fileRef = F2F90AEC2F032B2B00319ACB /* AppTextStyle.swift */; };
		F2F90B112F032B2B00319ACB /* InterStyle.swift in Sources */ = {isa = PBXBuildFile; fileRef = F2F90AED2F032B2B00319ACB /* InterStyle.swift */; };
		F2F90B122F032B2B00319ACB /* ApphudService.swift in Sources */ = {isa = PBXBuildFile; fileRef = F2F90AF12F032B2B00319ACB /* ApphudService.swift */; };
		F2F90B132F032B2B00319ACB /* UDManager.swift in Sources */ = {isa = PBXBuildFile; fileRef = F2F90AF32F032B2B00319ACB /* UDManager.swift */; };
		F2F90B142F032B2B00319ACB /* Extension+AppStorage.swift in Sources */ = {isa = PBXBuildFile; fileRef = F2F90AF52F032B2B00319ACB /* Extension+AppStorage.swift */; };
		F2F90B152F032B2B00319ACB /* Extension+Color.swift in Sources */ = {isa = PBXBuildFile; fileRef = F2F90AF62F032B2B00319ACB /* Extension+Color.swift */; };
		F2F90B162F032B2B00319ACB /* Extension+Font.swift in Sources */ = {isa = PBXBuildFile; fileRef = F2F90AF72F032B2B00319ACB /* Extension+Font.swift */; };
		F2F90B182F032B2B00319ACB /* Extension+LinearGradient.swift in Sources */ = {isa = PBXBuildFile; fileRef = F2F90AF92F032B2B00319ACB /* Extension+LinearGradient.swift */; };
		F2F90B192F032B2B00319ACB /* Extension+View.swift in Sources */ = {isa = PBXBuildFile; fileRef = F2F90AFA2F032B2B00319ACB /* Extension+View.swift */; };
		F2F90B1A2F032B2B00319ACB /* ContentView.swift in Sources */ = {isa = PBXBuildFile; fileRef = F2F90AFC2F032B2B00319ACB /* ContentView.swift */; };
		F2F90B1C2F032B3C00319ACB /* OnbFourthScreenVC.swift in Sources */ = {isa = PBXBuildFile; fileRef = F2F90B1B2F032B3C00319ACB /* OnbFourthScreenVC.swift */; };
		F2F90B202F0332D900319ACB /* PaywallVC.swift in Sources */ = {isa = PBXBuildFile; fileRef = F2F90B1F2F0332D900319ACB /* PaywallVC.swift */; };
		F2F90B222F0332DF00319ACB /* PaywallViewModel.swift in Sources */ = {isa = PBXBuildFile; fileRef = F2F90B212F0332DF00319ACB /* PaywallViewModel.swift */; };
		F2F90B262F033AAF00319ACB /* PaywallSections.swift in Sources */ = {isa = PBXBuildFile; fileRef = F2F90B252F033AAF00319ACB /* PaywallSections.swift */; };
		F2F90B282F033D7600319ACB /* PaywallDescriptionCard.swift in Sources */ = {isa = PBXBuildFile; fileRef = F2F90B272F033D7600319ACB /* PaywallDescriptionCard.swift */; };
/* End PBXBuildFile section */

/* Begin PBXFileReference section */
		F229E03B2F0A9D210042A145 /* QRCodesDataBase.xcdatamodel */ = {isa = PBXFileReference; lastKnownFileType = wrapper.xcdatamodel; path = QRCodesDataBase.xcdatamodel; sourceTree = "<group>"; };
		F229E03D2F0A9E1E0042A145 /* Description.swift */ = {isa = PBXFileReference; lastKnownFileType = sourcecode.swift; path = Description.swift; sourceTree = "<group>"; };
		F229E0422F0A9F2C0042A145 /* LinkDTO.swift */ = {isa = PBXFileReference; lastKnownFileType = sourcecode.swift; path = LinkDTO.swift; sourceTree = "<group>"; };
		F229E0452F0AA7D00042A145 /* LinkMO.swift */ = {isa = PBXFileReference; lastKnownFileType = sourcecode.swift; path = LinkMO.swift; sourceTree = "<group>"; };
		F229E0472F0AAA210042A145 /* ContactDTO.swift */ = {isa = PBXFileReference; lastKnownFileType = sourcecode.swift; path = ContactDTO.swift; sourceTree = "<group>"; };
		F229E0492F0AABF10042A145 /* ContactMO.swift */ = {isa = PBXFileReference; lastKnownFileType = sourcecode.swift; path = ContactMO.swift; sourceTree = "<group>"; };
		F229E04B2F0AACB50042A145 /* WiFiDTO.swift */ = {isa = PBXFileReference; lastKnownFileType = sourcecode.swift; path = WiFiDTO.swift; sourceTree = "<group>"; };
		F229E04D2F0AADB60042A145 /* WiFiMO.swift */ = {isa = PBXFileReference; lastKnownFileType = sourcecode.swift; path = WiFiMO.swift; sourceTree = "<group>"; };
		F229E0502F0AAE650042A145 /* BaseStorage.swift */ = {isa = PBXFileReference; lastKnownFileType = sourcecode.swift; path = BaseStorage.swift; sourceTree = "<group>"; };
		F229E0522F0AAEBC0042A145 /* PersistenceController.swift */ = {isa = PBXFileReference; lastKnownFileType = sourcecode.swift; path = PersistenceController.swift; sourceTree = "<group>"; };
		F229E0552F0AAF2E0042A145 /* FetchDescriptor+MO.swift */ = {isa = PBXFileReference; lastKnownFileType = sourcecode.swift; path = "FetchDescriptor+MO.swift"; sourceTree = "<group>"; };
		F229E0562F0AAF2E0042A145 /* Storage+Error.swift */ = {isa = PBXFileReference; lastKnownFileType = sourcecode.swift; path = "Storage+Error.swift"; sourceTree = "<group>"; };
		F229E0672F0AB6010042A145 /* WiFiStorage.swift */ = {isa = PBXFileReference; lastKnownFileType = sourcecode.swift; path = WiFiStorage.swift; sourceTree = "<group>"; };
		F229E0692F0AB6280042A145 /* ContactStorage.swift */ = {isa = PBXFileReference; lastKnownFileType = sourcecode.swift; path = ContactStorage.swift; sourceTree = "<group>"; };
		F229E06B2F0AB64C0042A145 /* LinkStorage.swift */ = {isa = PBXFileReference; lastKnownFileType = sourcecode.swift; path = LinkStorage.swift; sourceTree = "<group>"; };
		F229E06D2F0AB9950042A145 /* TextMO.swift */ = {isa = PBXFileReference; lastKnownFileType = sourcecode.swift; path = TextMO.swift; sourceTree = "<group>"; };
		F229E06F2F0AB9B00042A145 /* TextDTO.swift */ = {isa = PBXFileReference; lastKnownFileType = sourcecode.swift; path = TextDTO.swift; sourceTree = "<group>"; };
		F229E0722F0AC3540042A145 /* LinkScanResultVC.swift */ = {isa = PBXFileReference; lastKnownFileType = sourcecode.swift; path = LinkScanResultVC.swift; sourceTree = "<group>"; };
		F229E0752F0AC4EE0042A145 /* LinkScanResultVM.swift */ = {isa = PBXFileReference; lastKnownFileType = sourcecode.swift; path = LinkScanResultVM.swift; sourceTree = "<group>"; };
		F229E0782F0AD9F70042A145 /* SuccessfulScanView.swift */ = {isa = PBXFileReference; lastKnownFileType = sourcecode.swift; path = SuccessfulScanView.swift; sourceTree = "<group>"; };
		F24A83ED2F0814C60033FEEA /* AppDelegate.swift */ = {isa = PBXFileReference; lastKnownFileType = sourcecode.swift; path = AppDelegate.swift; sourceTree = "<group>"; };
		F24A83F52F0846BB0033FEEA /* AnalyticsService.swift */ = {isa = PBXFileReference; lastKnownFileType = sourcecode.swift; path = AnalyticsService.swift; sourceTree = "<group>"; };
		F24A83F82F0846EB0033FEEA /* AnalyticsEvent.swift */ = {isa = PBXFileReference; lastKnownFileType = sourcecode.swift; path = AnalyticsEvent.swift; sourceTree = "<group>"; };
		F24A83FA2F08496A0033FEEA /* TrackingService.swift */ = {isa = PBXFileReference; lastKnownFileType = sourcecode.swift; path = TrackingService.swift; sourceTree = "<group>"; };
		F24A83FD2F0961BF0033FEEA /* HomeVC.swift */ = {isa = PBXFileReference; lastKnownFileType = sourcecode.swift; path = HomeVC.swift; sourceTree = "<group>"; };
		F24A84012F0962A50033FEEA /* HomeCard.swift */ = {isa = PBXFileReference; lastKnownFileType = sourcecode.swift; path = HomeCard.swift; sourceTree = "<group>"; };
		F24A84032F0963760033FEEA /* Extension+Image.swift */ = {isa = PBXFileReference; lastKnownFileType = sourcecode.swift; path = "Extension+Image.swift"; sourceTree = "<group>"; };
		F24A84052F0965970033FEEA /* RoundedRectangleAsBackgroundModifier.swift */ = {isa = PBXFileReference; lastKnownFileType = sourcecode.swift; path = RoundedRectangleAsBackgroundModifier.swift; sourceTree = "<group>"; };
		F24A84082F0966BD0033FEEA /* HomeCardsSection.swift */ = {isa = PBXFileReference; lastKnownFileType = sourcecode.swift; path = HomeCardsSection.swift; sourceTree = "<group>"; };
		F24A84212F096C1D0033FEEA /* HomeCardsAdapter.swift */ = {isa = PBXFileReference; lastKnownFileType = sourcecode.swift; path = HomeCardsAdapter.swift; sourceTree = "<group>"; };
		F24A84232F096EB10033FEEA /* HomeVM.swift */ = {isa = PBXFileReference; lastKnownFileType = sourcecode.swift; path = HomeVM.swift; sourceTree = "<group>"; };
		F24A842A2F0976B80033FEEA /* HomeRecentActiviryRow.swift */ = {isa = PBXFileReference; lastKnownFileType = sourcecode.swift; path = HomeRecentActiviryRow.swift; sourceTree = "<group>"; };
		F24A842C2F0976BF0033FEEA /* HomeRecentActivityAdapter.swift */ = {isa = PBXFileReference; lastKnownFileType = sourcecode.swift; path = HomeRecentActivityAdapter.swift; sourceTree = "<group>"; };
		F24A84312F0990BD0033FEEA /* ScanVC.swift */ = {isa = PBXFileReference; lastKnownFileType = sourcecode.swift; path = ScanVC.swift; sourceTree = "<group>"; };
		F24A84342F0991300033FEEA /* ScanNotificationView.swift */ = {isa = PBXFileReference; lastKnownFileType = sourcecode.swift; path = ScanNotificationView.swift; sourceTree = "<group>"; };
		F24A84362F09926A0033FEEA /* ScanVM.swift */ = {isa = PBXFileReference; lastKnownFileType = sourcecode.swift; path = ScanVM.swift; sourceTree = "<group>"; };
		F24A843A2F0994C70033FEEA /* CameraManager.swift */ = {isa = PBXFileReference; lastKnownFileType = sourcecode.swift; path = CameraManager.swift; sourceTree = "<group>"; };
		F24A843C2F0995EC0033FEEA /* QrCodeManager.swift */ = {isa = PBXFileReference; lastKnownFileType = sourcecode.swift; path = QrCodeManager.swift; sourceTree = "<group>"; };
		F24A843E2F0996160033FEEA /* DefaultTextProcessor.swift */ = {isa = PBXFileReference; lastKnownFileType = sourcecode.swift; path = DefaultTextProcessor.swift; sourceTree = "<group>"; };
		F24A84442F099AFA0033FEEA /* CameraPreviewView.swift */ = {isa = PBXFileReference; lastKnownFileType = sourcecode.swift; path = CameraPreviewView.swift; sourceTree = "<group>"; };
		F24A84462F099B070033FEEA /* CameraPreview.swift */ = {isa = PBXFileReference; lastKnownFileType = sourcecode.swift; path = CameraPreview.swift; sourceTree = "<group>"; };
		F24A844C2F09A64D0033FEEA /* ScanBottomControls.swift */ = {isa = PBXFileReference; lastKnownFileType = sourcecode.swift; path = ScanBottomControls.swift; sourceTree = "<group>"; };
		F24A84502F09B0C40033FEEA /* ScannerFrameView.swift */ = {isa = PBXFileReference; lastKnownFileType = sourcecode.swift; path = ScannerFrameView.swift; sourceTree = "<group>"; };
		F24A84522F09B6A50033FEEA /* PhotoPicker.swift */ = {isa = PBXFileReference; lastKnownFileType = sourcecode.swift; path = PhotoPicker.swift; sourceTree = "<group>"; };
		F2B896F52F054DB000574736 /* PaywallProductCard.swift */ = {isa = PBXFileReference; lastKnownFileType = sourcecode.swift; path = PaywallProductCard.swift; sourceTree = "<group>"; };
		F2B896F72F0551A000574736 /* Extension+Text.swift */ = {isa = PBXFileReference; lastKnownFileType = sourcecode.swift; path = "Extension+Text.swift"; sourceTree = "<group>"; };
		F2B896F92F05574200574736 /* PaywallMonthlyProductCard.swift */ = {isa = PBXFileReference; lastKnownFileType = sourcecode.swift; path = PaywallMonthlyProductCard.swift; sourceTree = "<group>"; };
		F2B896FC2F05585400574736 /* ApphudService+Paywall.swift */ = {isa = PBXFileReference; lastKnownFileType = sourcecode.swift; path = "ApphudService+Paywall.swift"; sourceTree = "<group>"; };
		F2B896FE2F05604100574736 /* Extension+UIAplication.swift */ = {isa = PBXFileReference; lastKnownFileType = sourcecode.swift; path = "Extension+UIAplication.swift"; sourceTree = "<group>"; };
		F2B897022F05980B00574736 /* TabBarVC.swift */ = {isa = PBXFileReference; lastKnownFileType = sourcecode.swift; path = TabBarVC.swift; sourceTree = "<group>"; };
		F2B897042F05983200574736 /* TabItem.swift */ = {isa = PBXFileReference; lastKnownFileType = sourcecode.swift; path = TabItem.swift; sourceTree = "<group>"; };
		F2B897062F05997A00574736 /* TabBarBackground.swift */ = {isa = PBXFileReference; lastKnownFileType = sourcecode.swift; path = TabBarBackground.swift; sourceTree = "<group>"; };
		F2F2386A2F02BB5500625BDA /* MyQRCodesProject.app */ = {isa = PBXFileReference; explicitFileType = wrapper.application; includeInIndex = 0; path = MyQRCodesProject.app; sourceTree = BUILT_PRODUCTS_DIR; };
		F2F90ACF2F032B2B00319ACB /* AppRouter.swift */ = {isa = PBXFileReference; lastKnownFileType = sourcecode.swift; path = AppRouter.swift; sourceTree = "<group>"; };
		F2F90AD12F032B2B00319ACB /* MyQRCodesProjectApp.swift */ = {isa = PBXFileReference; lastKnownFileType = sourcecode.swift; path = MyQRCodesProjectApp.swift; sourceTree = "<group>"; };
		F2F90AD32F032B2B00319ACB /* Constants.swift */ = {isa = PBXFileReference; lastKnownFileType = sourcecode.swift; path = Constants.swift; sourceTree = "<group>"; };
		F2F90AD52F032B2B00319ACB /* ActionButton.swift */ = {isa = PBXFileReference; lastKnownFileType = sourcecode.swift; path = ActionButton.swift; sourceTree = "<group>"; };
		F2F90AD62F032B2B00319ACB /* PageControl.swift */ = {isa = PBXFileReference; lastKnownFileType = sourcecode.swift; path = PageControl.swift; sourceTree = "<group>"; };
		F2F90AD72F032B2B00319ACB /* TextButton.swift */ = {isa = PBXFileReference; lastKnownFileType = sourcecode.swift; path = TextButton.swift; sourceTree = "<group>"; };
		F2F90AD92F032B2B00319ACB /* Launch Screen.storyboard */ = {isa = PBXFileReference; lastKnownFileType = file.storyboard; path = "Launch Screen.storyboard"; sourceTree = "<group>"; };
		F2F90ADA2F032B2B00319ACB /* LounchScreen.swift */ = {isa = PBXFileReference; lastKnownFileType = sourcecode.swift; path = LounchScreen.swift; sourceTree = "<group>"; };
		F2F90ADC2F032B2B00319ACB /* OnbFirstScreenVC.swift */ = {isa = PBXFileReference; lastKnownFileType = sourcecode.swift; path = OnbFirstScreenVC.swift; sourceTree = "<group>"; };
		F2F90ADF2F032B2B00319ACB /* OnbPath.swift */ = {isa = PBXFileReference; lastKnownFileType = sourcecode.swift; path = OnbPath.swift; sourceTree = "<group>"; };
		F2F90AE12F032B2B00319ACB /* OnbRouter.swift */ = {isa = PBXFileReference; lastKnownFileType = sourcecode.swift; path = OnbRouter.swift; sourceTree = "<group>"; };
		F2F90AE22F032B2B00319ACB /* OnbRouterModifier.swift */ = {isa = PBXFileReference; lastKnownFileType = sourcecode.swift; path = OnbRouterModifier.swift; sourceTree = "<group>"; };
		F2F90AE42F032B2B00319ACB /* OnbSecondScreenVC.swift */ = {isa = PBXFileReference; lastKnownFileType = sourcecode.swift; path = OnbSecondScreenVC.swift; sourceTree = "<group>"; };
		F2F90AE62F032B2B00319ACB /* OnbThirdScreenVC.swift */ = {isa = PBXFileReference; lastKnownFileType = sourcecode.swift; path = OnbThirdScreenVC.swift; sourceTree = "<group>"; };
		F2F90AEA2F032B2B00319ACB /* Inter-VariableFont_opsz,wght.ttf */ = {isa = PBXFileReference; lastKnownFileType = file; path = "Inter-VariableFont_opsz,wght.ttf"; sourceTree = "<group>"; };
		F2F90AEC2F032B2B00319ACB /* AppTextStyle.swift */ = {isa = PBXFileReference; lastKnownFileType = sourcecode.swift; path = AppTextStyle.swift; sourceTree = "<group>"; };
		F2F90AED2F032B2B00319ACB /* InterStyle.swift */ = {isa = PBXFileReference; lastKnownFileType = sourcecode.swift; path = InterStyle.swift; sourceTree = "<group>"; };
		F2F90AEF2F032B2B00319ACB /* Assets.xcassets */ = {isa = PBXFileReference; lastKnownFileType = folder.assetcatalog; path = Assets.xcassets; sourceTree = "<group>"; };
		F2F90AF12F032B2B00319ACB /* ApphudService.swift */ = {isa = PBXFileReference; lastKnownFileType = sourcecode.swift; path = ApphudService.swift; sourceTree = "<group>"; };
		F2F90AF32F032B2B00319ACB /* UDManager.swift */ = {isa = PBXFileReference; lastKnownFileType = sourcecode.swift; path = UDManager.swift; sourceTree = "<group>"; };
		F2F90AF52F032B2B00319ACB /* Extension+AppStorage.swift */ = {isa = PBXFileReference; lastKnownFileType = sourcecode.swift; path = "Extension+AppStorage.swift"; sourceTree = "<group>"; };
		F2F90AF62F032B2B00319ACB /* Extension+Color.swift */ = {isa = PBXFileReference; lastKnownFileType = sourcecode.swift; path = "Extension+Color.swift"; sourceTree = "<group>"; };
		F2F90AF72F032B2B00319ACB /* Extension+Font.swift */ = {isa = PBXFileReference; lastKnownFileType = sourcecode.swift; path = "Extension+Font.swift"; sourceTree = "<group>"; };
		F2F90AF92F032B2B00319ACB /* Extension+LinearGradient.swift */ = {isa = PBXFileReference; lastKnownFileType = sourcecode.swift; path = "Extension+LinearGradient.swift"; sourceTree = "<group>"; };
		F2F90AFA2F032B2B00319ACB /* Extension+View.swift */ = {isa = PBXFileReference; lastKnownFileType = sourcecode.swift; path = "Extension+View.swift"; sourceTree = "<group>"; };
		F2F90AFC2F032B2B00319ACB /* ContentView.swift */ = {isa = PBXFileReference; lastKnownFileType = sourcecode.swift; path = ContentView.swift; sourceTree = "<group>"; };
		F2F90AFD2F032B2B00319ACB /* Info.plist */ = {isa = PBXFileReference; lastKnownFileType = text.plist.xml; path = Info.plist; sourceTree = "<group>"; };
		F2F90B1B2F032B3C00319ACB /* OnbFourthScreenVC.swift */ = {isa = PBXFileReference; lastKnownFileType = sourcecode.swift; path = OnbFourthScreenVC.swift; sourceTree = "<group>"; };
		F2F90B1F2F0332D900319ACB /* PaywallVC.swift */ = {isa = PBXFileReference; lastKnownFileType = sourcecode.swift; path = PaywallVC.swift; sourceTree = "<group>"; };
		F2F90B212F0332DF00319ACB /* PaywallViewModel.swift */ = {isa = PBXFileReference; lastKnownFileType = sourcecode.swift; path = PaywallViewModel.swift; sourceTree = "<group>"; };
		F2F90B252F033AAF00319ACB /* PaywallSections.swift */ = {isa = PBXFileReference; lastKnownFileType = sourcecode.swift; path = PaywallSections.swift; sourceTree = "<group>"; };
		F2F90B272F033D7600319ACB /* PaywallDescriptionCard.swift */ = {isa = PBXFileReference; lastKnownFileType = sourcecode.swift; path = PaywallDescriptionCard.swift; sourceTree = "<group>"; };
/* End PBXFileReference section */

/* Begin PBXFrameworksBuildPhase section */
		F2F238672F02BB5500625BDA /* Frameworks */ = {
			isa = PBXFrameworksBuildPhase;
			buildActionMask = 2147483647;
			files = (
				F2F238892F02BFAD00625BDA /* ApphudSDK in Frameworks */,
				F24A83F12F0814FF0033FEEA /* AppsFlyerLib in Frameworks */,
			);
			runOnlyForDeploymentPostprocessing = 0;
		};
/* End PBXFrameworksBuildPhase section */

/* Begin PBXGroup section */
		F229E0382F0A96360042A145 /* ScanResult */ = {
			isa = PBXGroup;
			children = (
				F229E0772F0AD9D20042A145 /* Views */,
				F229E0742F0AC3790042A145 /* Link */,
			);
			path = ScanResult;
			sourceTree = "<group>";
		};
		F229E0392F0A9C730042A145 /* Storage */ = {
			isa = PBXGroup;
			children = (
				F229E0592F0AAF2E0042A145 /* Consts */,
				F229E0532F0AAEBC0042A145 /* PersistenceController */,
				F229E04F2F0AAE5F0042A145 /* Storages */,
				F229E0402F0A9F040042A145 /* Models */,
				F229E03A2F0A9D210042A145 /* QRCodesDataBase.xcdatamodeld */,
			);
			path = Storage;
			sourceTree = "<group>";
		};
		F229E03E2F0A9E1E0042A145 /* Protocols */ = {
			isa = PBXGroup;
			children = (
				F229E03D2F0A9E1E0042A145 /* Description.swift */,
			);
			path = Protocols;
			sourceTree = "<group>";
		};
		F229E0402F0A9F040042A145 /* Models */ = {
			isa = PBXGroup;
			children = (
				F229E03E2F0A9E1E0042A145 /* Protocols */,
				F229E0412F0A9F130042A145 /* DTOs */,
				F229E0442F0AA7B30042A145 /* MOs */,
			);
			path = Models;
			sourceTree = "<group>";
		};
		F229E0412F0A9F130042A145 /* DTOs */ = {
			isa = PBXGroup;
			children = (
				F229E06F2F0AB9B00042A145 /* TextDTO.swift */,
				F229E04B2F0AACB50042A145 /* WiFiDTO.swift */,
				F229E0472F0AAA210042A145 /* ContactDTO.swift */,
				F229E0422F0A9F2C0042A145 /* LinkDTO.swift */,
			);
			path = DTOs;
			sourceTree = "<group>";
		};
		F229E0442F0AA7B30042A145 /* MOs */ = {
			isa = PBXGroup;
			children = (
				F229E06D2F0AB9950042A145 /* TextMO.swift */,
				F229E0492F0AABF10042A145 /* ContactMO.swift */,
				F229E0452F0AA7D00042A145 /* LinkMO.swift */,
				F229E04D2F0AADB60042A145 /* WiFiMO.swift */,
			);
			path = MOs;
			sourceTree = "<group>";
		};
		F229E04F2F0AAE5F0042A145 /* Storages */ = {
			isa = PBXGroup;
			children = (
				F229E06B2F0AB64C0042A145 /* LinkStorage.swift */,
				F229E0692F0AB6280042A145 /* ContactStorage.swift */,
				F229E0672F0AB6010042A145 /* WiFiStorage.swift */,
				F229E0502F0AAE650042A145 /* BaseStorage.swift */,
			);
			path = Storages;
			sourceTree = "<group>";
		};
		F229E0532F0AAEBC0042A145 /* PersistenceController */ = {
			isa = PBXGroup;
			children = (
				F229E0522F0AAEBC0042A145 /* PersistenceController.swift */,
			);
			path = PersistenceController;
			sourceTree = "<group>";
		};
		F229E0592F0AAF2E0042A145 /* Consts */ = {
			isa = PBXGroup;
			children = (
				F229E0552F0AAF2E0042A145 /* FetchDescriptor+MO.swift */,
				F229E0562F0AAF2E0042A145 /* Storage+Error.swift */,
			);
			path = Consts;
			sourceTree = "<group>";
		};
		F229E0712F0AC3300042A145 /* Scan */ = {
			isa = PBXGroup;
			children = (
				F24A84302F0990AF0033FEEA /* ScanScreen */,
				F229E0382F0A96360042A145 /* ScanResult */,
			);
			path = Scan;
			sourceTree = "<group>";
		};
		F229E0742F0AC3790042A145 /* Link */ = {
			isa = PBXGroup;
			children = (
				F229E0722F0AC3540042A145 /* LinkScanResultVC.swift */,
				F229E0752F0AC4EE0042A145 /* LinkScanResultVM.swift */,
			);
			path = Link;
			sourceTree = "<group>";
		};
		F229E0772F0AD9D20042A145 /* Views */ = {
			isa = PBXGroup;
			children = (
				F229E0782F0AD9F70042A145 /* SuccessfulScanView.swift */,
			);
			path = Views;
			sourceTree = "<group>";
		};
		F24A83F42F0846B40033FEEA /* Analytics */ = {
			isa = PBXGroup;
			children = (
				F24A83F72F0846E60033FEEA /* Event */,
				F24A83F52F0846BB0033FEEA /* AnalyticsService.swift */,
			);
			path = Analytics;
			sourceTree = "<group>";
		};
		F24A83F72F0846E60033FEEA /* Event */ = {
			isa = PBXGroup;
			children = (
				F24A83F82F0846EB0033FEEA /* AnalyticsEvent.swift */,
			);
			path = Event;
			sourceTree = "<group>";
		};
		F24A83FC2F0961B30033FEEA /* Home */ = {
			isa = PBXGroup;
			children = (
				F24A83FF2F09628A0033FEEA /* Adapter */,
				F24A83FD2F0961BF0033FEEA /* HomeVC.swift */,
				F24A84232F096EB10033FEEA /* HomeVM.swift */,
			);
			path = Home;
			sourceTree = "<group>";
		};
		F24A83FF2F09628A0033FEEA /* Adapter */ = {
			isa = PBXGroup;
			children = (
				F24A84262F0976730033FEEA /* HomeRecentActivityAdapter */,
				F24A84252F09765F0033FEEA /* HomeCardsAdapter */,
			);
			path = Adapter;
			sourceTree = "<group>";
		};
		F24A84002F0962910033FEEA /* Cards */ = {
			isa = PBXGroup;
			children = (
				F24A84012F0962A50033FEEA /* HomeCard.swift */,
			);
			path = Cards;
			sourceTree = "<group>";
		};
		F24A84062F0965970033FEEA /* Modifiers */ = {
			isa = PBXGroup;
			children = (
				F24A84052F0965970033FEEA /* RoundedRectangleAsBackgroundModifier.swift */,
			);
			path = Modifiers;
			sourceTree = "<group>";
		};
		F24A84252F09765F0033FEEA /* HomeCardsAdapter */ = {
			isa = PBXGroup;
			children = (
				F24A84002F0962910033FEEA /* Cards */,
				F24A84082F0966BD0033FEEA /* HomeCardsSection.swift */,
				F24A84212F096C1D0033FEEA /* HomeCardsAdapter.swift */,
			);
			path = HomeCardsAdapter;
			sourceTree = "<group>";
		};
		F24A84262F0976730033FEEA /* HomeRecentActivityAdapter */ = {
			isa = PBXGroup;
			children = (
				F24A84292F09769B0033FEEA /* Row */,
				F24A842C2F0976BF0033FEEA /* HomeRecentActivityAdapter.swift */,
			);
			path = HomeRecentActivityAdapter;
			sourceTree = "<group>";
		};
		F24A84292F09769B0033FEEA /* Row */ = {
			isa = PBXGroup;
			children = (
				F24A842A2F0976B80033FEEA /* HomeRecentActiviryRow.swift */,
			);
			path = Row;
			sourceTree = "<group>";
		};
		F24A84302F0990AF0033FEEA /* ScanScreen */ = {
			isa = PBXGroup;
			children = (
				F24A84332F0991110033FEEA /* Views */,
				F24A84312F0990BD0033FEEA /* ScanVC.swift */,
				F24A84362F09926A0033FEEA /* ScanVM.swift */,
			);
			path = ScanScreen;
			sourceTree = "<group>";
		};
		F24A84332F0991110033FEEA /* Views */ = {
			isa = PBXGroup;
			children = (
				F24A84502F09B0C40033FEEA /* ScannerFrameView.swift */,
				F24A844C2F09A64D0033FEEA /* ScanBottomControls.swift */,
				F24A84342F0991300033FEEA /* ScanNotificationView.swift */,
			);
			path = Views;
			sourceTree = "<group>";
		};
		F24A84382F0994890033FEEA /* BusinessLogic */ = {
			isa = PBXGroup;
			children = (
				F24A84422F099AB20033FEEA /* CameraManager */,
				F24A84522F09B6A50033FEEA /* PhotoPicker.swift */,
				F24A843E2F0996160033FEEA /* DefaultTextProcessor.swift */,
				F24A843C2F0995EC0033FEEA /* QrCodeManager.swift */,
				F2F90AF32F032B2B00319ACB /* UDManager.swift */,
			);
			path = BusinessLogic;
			sourceTree = "<group>";
		};
		F24A84392F0994AE0033FEEA /* TrackingService */ = {
			isa = PBXGroup;
			children = (
				F24A83FA2F08496A0033FEEA /* TrackingService.swift */,
			);
			path = TrackingService;
			sourceTree = "<group>";
		};
		F24A84422F099AB20033FEEA /* CameraManager */ = {
			isa = PBXGroup;
			children = (
				F24A84432F099ABB0033FEEA /* Helpers */,
				F24A843A2F0994C70033FEEA /* CameraManager.swift */,
			);
			path = CameraManager;
			sourceTree = "<group>";
		};
		F24A84432F099ABB0033FEEA /* Helpers */ = {
			isa = PBXGroup;
			children = (
				F24A84462F099B070033FEEA /* CameraPreview.swift */,
				F24A84442F099AFA0033FEEA /* CameraPreviewView.swift */,
			);
			path = Helpers;
			sourceTree = "<group>";
		};
		F2B896FB2F05584100574736 /* UseCases */ = {
			isa = PBXGroup;
			children = (
				F2B896FC2F05585400574736 /* ApphudService+Paywall.swift */,
			);
			path = UseCases;
			sourceTree = "<group>";
		};
		F2B897002F0596DF00574736 /* Main */ = {
			isa = PBXGroup;
			children = (
				F229E0712F0AC3300042A145 /* Scan */,
				F24A83FC2F0961B30033FEEA /* Home */,
				F2B897012F0596E300574736 /* TabBar */,
			);
			path = Main;
			sourceTree = "<group>";
		};
		F2B897012F0596E300574736 /* TabBar */ = {
			isa = PBXGroup;
			children = (
				F2B897082F059F7E00574736 /* Container */,
				F2B897022F05980B00574736 /* TabBarVC.swift */,
			);
			path = TabBar;
			sourceTree = "<group>";
		};
		F2B897082F059F7E00574736 /* Container */ = {
			isa = PBXGroup;
			children = (
				F2B8970A2F059FB900574736 /* Content */,
				F2B897092F059FB000574736 /* Shape */,
			);
			path = Container;
			sourceTree = "<group>";
		};
		F2B897092F059FB000574736 /* Shape */ = {
			isa = PBXGroup;
			children = (
				F2B897062F05997A00574736 /* TabBarBackground.swift */,
			);
			path = Shape;
			sourceTree = "<group>";
		};
		F2B8970A2F059FB900574736 /* Content */ = {
			isa = PBXGroup;
			children = (
				F2B897042F05983200574736 /* TabItem.swift */,
			);
			path = Content;
			sourceTree = "<group>";
		};
		F2F238612F02BB5500625BDA = {
			isa = PBXGroup;
			children = (
				F2F90AFE2F032B2B00319ACB /* MyQRCodesProject */,
				F2F2386B2F02BB5500625BDA /* Products */,
			);
			sourceTree = "<group>";
		};
		F2F2386B2F02BB5500625BDA /* Products */ = {
			isa = PBXGroup;
			children = (
				F2F2386A2F02BB5500625BDA /* MyQRCodesProject.app */,
			);
			name = Products;
			sourceTree = "<group>";
		};
		F2F90AD02F032B2B00319ACB /* AppRouter */ = {
			isa = PBXGroup;
			children = (
				F2F90ACF2F032B2B00319ACB /* AppRouter.swift */,
			);
			path = AppRouter;
			sourceTree = "<group>";
		};
		F2F90AD22F032B2B00319ACB /* App */ = {
			isa = PBXGroup;
			children = (
				F2F90AD02F032B2B00319ACB /* AppRouter */,
				F2F90AD12F032B2B00319ACB /* MyQRCodesProjectApp.swift */,
				F24A83ED2F0814C60033FEEA /* AppDelegate.swift */,
			);
			path = App;
			sourceTree = "<group>";
		};
		F2F90AD42F032B2B00319ACB /* Core */ = {
			isa = PBXGroup;
			children = (
				F2F90AD32F032B2B00319ACB /* Constants.swift */,
			);
			path = Core;
			sourceTree = "<group>";
		};
		F2F90AD82F032B2B00319ACB /* Custom */ = {
			isa = PBXGroup;
			children = (
				F2F90AD52F032B2B00319ACB /* ActionButton.swift */,
				F2F90AD62F032B2B00319ACB /* PageControl.swift */,
				F2F90AD72F032B2B00319ACB /* TextButton.swift */,
			);
			path = Custom;
			sourceTree = "<group>";
		};
		F2F90ADB2F032B2B00319ACB /* LauchScreen */ = {
			isa = PBXGroup;
			children = (
				F2F90AD92F032B2B00319ACB /* Launch Screen.storyboard */,
				F2F90ADA2F032B2B00319ACB /* LounchScreen.swift */,
			);
			path = LauchScreen;
			sourceTree = "<group>";
		};
		F2F90ADD2F032B2B00319ACB /* FirstScreen */ = {
			isa = PBXGroup;
			children = (
				F2F90ADC2F032B2B00319ACB /* OnbFirstScreenVC.swift */,
			);
			path = FirstScreen;
			sourceTree = "<group>";
		};
		F2F90ADE2F032B2B00319ACB /* FourthScreen */ = {
			isa = PBXGroup;
			children = (
				F2F90B1B2F032B3C00319ACB /* OnbFourthScreenVC.swift */,
			);
			path = FourthScreen;
			sourceTree = "<group>";
		};
		F2F90AE02F032B2B00319ACB /* Path */ = {
			isa = PBXGroup;
			children = (
				F2F90ADF2F032B2B00319ACB /* OnbPath.swift */,
			);
			path = Path;
			sourceTree = "<group>";
		};
		F2F90AE32F032B2B00319ACB /* Router */ = {
			isa = PBXGroup;
			children = (
				F2F90AE02F032B2B00319ACB /* Path */,
				F2F90AE12F032B2B00319ACB /* OnbRouter.swift */,
				F2F90AE22F032B2B00319ACB /* OnbRouterModifier.swift */,
			);
			path = Router;
			sourceTree = "<group>";
		};
		F2F90AE52F032B2B00319ACB /* SecondScreen */ = {
			isa = PBXGroup;
			children = (
				F2F90AE42F032B2B00319ACB /* OnbSecondScreenVC.swift */,
			);
			path = SecondScreen;
			sourceTree = "<group>";
		};
		F2F90AE72F032B2B00319ACB /* ThirdScreen */ = {
			isa = PBXGroup;
			children = (
				F2F90AE62F032B2B00319ACB /* OnbThirdScreenVC.swift */,
			);
			path = ThirdScreen;
			sourceTree = "<group>";
		};
		F2F90AE82F032B2B00319ACB /* Onboarding */ = {
			isa = PBXGroup;
			children = (
				F2F90AE32F032B2B00319ACB /* Router */,
				F2F90ADD2F032B2B00319ACB /* FirstScreen */,
				F2F90AE52F032B2B00319ACB /* SecondScreen */,
				F2F90AE72F032B2B00319ACB /* ThirdScreen */,
				F2F90ADE2F032B2B00319ACB /* FourthScreen */,
			);
			path = Onboarding;
			sourceTree = "<group>";
		};
		F2F90AE92F032B2B00319ACB /* Modules */ = {
			isa = PBXGroup;
			children = (
				F2B897002F0596DF00574736 /* Main */,
				F2F90AE82F032B2B00319ACB /* Onboarding */,
				F2F90B1D2F032F9B00319ACB /* Paywall */,
			);
			path = Modules;
			sourceTree = "<group>";
		};
		F2F90AEB2F032B2B00319ACB /* ttf */ = {
			isa = PBXGroup;
			children = (
				F2F90AEA2F032B2B00319ACB /* Inter-VariableFont_opsz,wght.ttf */,
			);
			path = ttf;
			sourceTree = "<group>";
		};
		F2F90AEE2F032B2B00319ACB /* Fonts */ = {
			isa = PBXGroup;
			children = (
				F2F90AEB2F032B2B00319ACB /* ttf */,
				F2F90AEC2F032B2B00319ACB /* AppTextStyle.swift */,
				F2F90AED2F032B2B00319ACB /* InterStyle.swift */,
			);
			path = Fonts;
			sourceTree = "<group>";
		};
		F2F90AF02F032B2B00319ACB /* Resources */ = {
			isa = PBXGroup;
			children = (
				F24A84062F0965970033FEEA /* Modifiers */,
				F2F90AEE2F032B2B00319ACB /* Fonts */,
				F2F90AEF2F032B2B00319ACB /* Assets.xcassets */,
			);
			path = Resources;
			sourceTree = "<group>";
		};
		F2F90AF22F032B2B00319ACB /* Apphud */ = {
			isa = PBXGroup;
			children = (
				F2F90AF12F032B2B00319ACB /* ApphudService.swift */,
			);
			path = Apphud;
			sourceTree = "<group>";
		};
		F2F90AF42F032B2B00319ACB /* Services */ = {
			isa = PBXGroup;
			children = (
				F24A84392F0994AE0033FEEA /* TrackingService */,
				F2F90AF22F032B2B00319ACB /* Apphud */,
				F24A83F42F0846B40033FEEA /* Analytics */,
			);
			path = Services;
			sourceTree = "<group>";
		};
		F2F90AFB2F032B2B00319ACB /* Extension */ = {
			isa = PBXGroup;
			children = (
				F2F90AF52F032B2B00319ACB /* Extension+AppStorage.swift */,
				F2F90AF62F032B2B00319ACB /* Extension+Color.swift */,
				F2F90AF72F032B2B00319ACB /* Extension+Font.swift */,
				F2F90AF92F032B2B00319ACB /* Extension+LinearGradient.swift */,
				F2F90AFA2F032B2B00319ACB /* Extension+View.swift */,
				F2B896F72F0551A000574736 /* Extension+Text.swift */,
				F2B896FE2F05604100574736 /* Extension+UIAplication.swift */,
				F24A84032F0963760033FEEA /* Extension+Image.swift */,
			);
			path = Extension;
			sourceTree = "<group>";
		};
		F2F90AFE2F032B2B00319ACB /* MyQRCodesProject */ = {
			isa = PBXGroup;
			children = (
				F2F90AD22F032B2B00319ACB /* App */,
				F2F90AD42F032B2B00319ACB /* Core */,
				F2F90AD82F032B2B00319ACB /* Custom */,
				F2F90ADB2F032B2B00319ACB /* LauchScreen */,
				F2F90AE92F032B2B00319ACB /* Modules */,
				F2F90AF02F032B2B00319ACB /* Resources */,
				F24A84382F0994890033FEEA /* BusinessLogic */,
				F2F90AF42F032B2B00319ACB /* Services */,
				F2F90AFB2F032B2B00319ACB /* Extension */,
				F2F90AFC2F032B2B00319ACB /* ContentView.swift */,
				F229E0392F0A9C730042A145 /* Storage */,
				F2F90AFD2F032B2B00319ACB /* Info.plist */,
			);
			path = MyQRCodesProject;
			sourceTree = "<group>";
		};
		F2F90B1D2F032F9B00319ACB /* Paywall */ = {
			isa = PBXGroup;
			children = (
				F2B896FB2F05584100574736 /* UseCases */,
				F2F90B232F033A9200319ACB /* Adapter */,
				F2F90B1F2F0332D900319ACB /* PaywallVC.swift */,
				F2F90B212F0332DF00319ACB /* PaywallViewModel.swift */,
			);
			path = Paywall;
			sourceTree = "<group>";
		};
		F2F90B232F033A9200319ACB /* Adapter */ = {
			isa = PBXGroup;
			children = (
				F2F90B242F033A9E00319ACB /* Cards */,
				F2F90B252F033AAF00319ACB /* PaywallSections.swift */,
			);
			path = Adapter;
			sourceTree = "<group>";
		};
		F2F90B242F033A9E00319ACB /* Cards */ = {
			isa = PBXGroup;
			children = (
				F2F90B272F033D7600319ACB /* PaywallDescriptionCard.swift */,
				F2B896F52F054DB000574736 /* PaywallProductCard.swift */,
				F2B896F92F05574200574736 /* PaywallMonthlyProductCard.swift */,
			);
			path = Cards;
			sourceTree = "<group>";
		};
/* End PBXGroup section */

/* Begin PBXNativeTarget section */
		F2F238692F02BB5500625BDA /* MyQRCodesProject */ = {
			isa = PBXNativeTarget;
			buildConfigurationList = F2F238752F02BB5700625BDA /* Build configuration list for PBXNativeTarget "MyQRCodesProject" */;
			buildPhases = (
				F2F238662F02BB5500625BDA /* Sources */,
				F2F238672F02BB5500625BDA /* Frameworks */,
				F2F238682F02BB5500625BDA /* Resources */,
			);
			buildRules = (
			);
			dependencies = (
			);
			name = MyQRCodesProject;
			packageProductDependencies = (
				F2F238882F02BFAD00625BDA /* ApphudSDK */,
				F24A83F02F0814FF0033FEEA /* AppsFlyerLib */,
			);
			productName = MyQRCodesProject;
			productReference = F2F2386A2F02BB5500625BDA /* MyQRCodesProject.app */;
			productType = "com.apple.product-type.application";
		};
/* End PBXNativeTarget section */

/* Begin PBXProject section */
		F2F238622F02BB5500625BDA /* Project object */ = {
			isa = PBXProject;
			attributes = {
				BuildIndependentTargetsInParallel = 1;
				LastSwiftUpdateCheck = 1640;
				LastUpgradeCheck = 1640;
				TargetAttributes = {
					F2F238692F02BB5500625BDA = {
						CreatedOnToolsVersion = 16.4;
					};
				};
			};
			buildConfigurationList = F2F238652F02BB5500625BDA /* Build configuration list for PBXProject "MyQRCodesProject" */;
			developmentRegion = en;
			hasScannedForEncodings = 0;
			knownRegions = (
				en,
				Base,
			);
			mainGroup = F2F238612F02BB5500625BDA;
			minimizedProjectReferenceProxies = 1;
			packageReferences = (
				F2F238872F02BFAD00625BDA /* XCRemoteSwiftPackageReference "ApphudSDK" */,
				F24A83EF2F0814FF0033FEEA /* XCRemoteSwiftPackageReference "AppsFlyerFramework" */,
			);
			preferredProjectObjectVersion = 77;
			productRefGroup = F2F2386B2F02BB5500625BDA /* Products */;
			projectDirPath = "";
			projectRoot = "";
			targets = (
				F2F238692F02BB5500625BDA /* MyQRCodesProject */,
			);
		};
/* End PBXProject section */

/* Begin PBXResourcesBuildPhase section */
		F2F238682F02BB5500625BDA /* Resources */ = {
			isa = PBXResourcesBuildPhase;
			buildActionMask = 2147483647;
			files = (
				F2F90AFF2F032B2B00319ACB /* Launch Screen.storyboard in Resources */,
				F2F90B002F032B2B00319ACB /* Inter-VariableFont_opsz,wght.ttf in Resources */,
				F2F90B012F032B2B00319ACB /* Assets.xcassets in Resources */,
			);
			runOnlyForDeploymentPostprocessing = 0;
		};
/* End PBXResourcesBuildPhase section */

/* Begin PBXSourcesBuildPhase section */
		F2F238662F02BB5500625BDA /* Sources */ = {
			isa = PBXSourcesBuildPhase;
			buildActionMask = 2147483647;
			files = (
				F2F90B032F032B2B00319ACB /* AppRouter.swift in Sources */,
				F2F90B042F032B2B00319ACB /* MyQRCodesProjectApp.swift in Sources */,
				F2B896FA2F05574200574736 /* PaywallMonthlyProductCard.swift in Sources */,
				F229E0702F0AB9B00042A145 /* TextDTO.swift in Sources */,
				F229E0432F0A9F2C0042A145 /* LinkDTO.swift in Sources */,
				F24A842B2F0976B80033FEEA /* HomeRecentActiviryRow.swift in Sources */,
				F2B897052F05983200574736 /* TabItem.swift in Sources */,
				F24A844D2F09A64D0033FEEA /* ScanBottomControls.swift in Sources */,
				F24A84512F09B0C40033FEEA /* ScannerFrameView.swift in Sources */,
				F24A84022F0962A50033FEEA /* HomeCard.swift in Sources */,
				F229E04C2F0AACB50042A145 /* WiFiDTO.swift in Sources */,
				F24A84532F09B6A50033FEEA /* PhotoPicker.swift in Sources */,
				F2F90B052F032B2B00319ACB /* Constants.swift in Sources */,
				F2B897032F05980B00574736 /* TabBarVC.swift in Sources */,
				F2F90B202F0332D900319ACB /* PaywallVC.swift in Sources */,
				F229E0482F0AAA210042A145 /* ContactDTO.swift in Sources */,
				F24A84472F099B070033FEEA /* CameraPreview.swift in Sources */,
				F229E0732F0AC3540042A145 /* LinkScanResultVC.swift in Sources */,
				F2F90B062F032B2B00319ACB /* ActionButton.swift in Sources */,
				F2F90B072F032B2B00319ACB /* PageControl.swift in Sources */,
				F24A84222F096C1D0033FEEA /* HomeCardsAdapter.swift in Sources */,
				F2F90B282F033D7600319ACB /* PaywallDescriptionCard.swift in Sources */,
				F229E06C2F0AB64C0042A145 /* LinkStorage.swift in Sources */,
				F229E03C2F0A9D210042A145 /* QRCodesDataBase.xcdatamodeld in Sources */,
				F24A83F62F0846BB0033FEEA /* AnalyticsService.swift in Sources */,
				F24A843F2F0996160033FEEA /* DefaultTextProcessor.swift in Sources */,
				F2F90B082F032B2B00319ACB /* TextButton.swift in Sources */,
				F2F90B092F032B2B00319ACB /* LounchScreen.swift in Sources */,
				F2F90B0A2F032B2B00319ACB /* OnbFirstScreenVC.swift in Sources */,
				F24A83EE2F0814C60033FEEA /* AppDelegate.swift in Sources */,
				F2B896F62F054DB000574736 /* PaywallProductCard.swift in Sources */,
				F2F90B0B2F032B2B00319ACB /* OnbPath.swift in Sources */,
				F229E0542F0AAEBC0042A145 /* PersistenceController.swift in Sources */,
				F229E06A2F0AB6280042A145 /* ContactStorage.swift in Sources */,
				F229E05B2F0AAF2E0042A145 /* FetchDescriptor+MO.swift in Sources */,
				F229E0792F0AD9F70042A145 /* SuccessfulScanView.swift in Sources */,
				F229E05C2F0AAF2E0042A145 /* Storage+Error.swift in Sources */,
				F229E0512F0AAE650042A145 /* BaseStorage.swift in Sources */,
				F24A83FE2F0961BF0033FEEA /* HomeVC.swift in Sources */,
				F24A83F92F0846EB0033FEEA /* AnalyticsEvent.swift in Sources */,
				F229E03F2F0A9E1E0042A145 /* Description.swift in Sources */,
				F229E0682F0AB6010042A145 /* WiFiStorage.swift in Sources */,
				F229E04A2F0AABF10042A145 /* ContactMO.swift in Sources */,
				F24A84242F096EB10033FEEA /* HomeVM.swift in Sources */,
				F229E06E2F0AB9950042A145 /* TextMO.swift in Sources */,
				F229E04E2F0AADB60042A145 /* WiFiMO.swift in Sources */,
				F24A84452F099AFA0033FEEA /* CameraPreviewView.swift in Sources */,
				F2F90B0C2F032B2B00319ACB /* OnbRouter.swift in Sources */,
				F2B896FD2F05585400574736 /* ApphudService+Paywall.swift in Sources */,
				F2F90B0D2F032B2B00319ACB /* OnbRouterModifier.swift in Sources */,
				F2F90B0E2F032B2B00319ACB /* OnbSecondScreenVC.swift in Sources */,
				F2F90B0F2F032B2B00319ACB /* OnbThirdScreenVC.swift in Sources */,
				F229E0462F0AA7D00042A145 /* LinkMO.swift in Sources */,
				F2F90B102F032B2B00319ACB /* AppTextStyle.swift in Sources */,
				F2F90B112F032B2B00319ACB /* InterStyle.swift in Sources */,
				F2F90B222F0332DF00319ACB /* PaywallViewModel.swift in Sources */,
				F24A84322F0990BD0033FEEA /* ScanVC.swift in Sources */,
				F2F90B122F032B2B00319ACB /* ApphudService.swift in Sources */,
				F2F90B132F032B2B00319ACB /* UDManager.swift in Sources */,
				F2B897072F05997A00574736 /* TabBarBackground.swift in Sources */,
				F24A843B2F0994C70033FEEA /* CameraManager.swift in Sources */,
				F2F90B142F032B2B00319ACB /* Extension+AppStorage.swift in Sources */,
				F2B896FF2F05604100574736 /* Extension+UIAplication.swift in Sources */,
				F24A84352F0991300033FEEA /* ScanNotificationView.swift in Sources */,
				F24A843D2F0995EC0033FEEA /* QrCodeManager.swift in Sources */,
				F24A84092F0966BD0033FEEA /* HomeCardsSection.swift in Sources */,
				F229E0762F0AC4EE0042A145 /* LinkScanResultVM.swift in Sources */,
				F2F90B152F032B2B00319ACB /* Extension+Color.swift in Sources */,
				F2F90B162F032B2B00319ACB /* Extension+Font.swift in Sources */,
				F2F90B262F033AAF00319ACB /* PaywallSections.swift in Sources */,
				F2F90B182F032B2B00319ACB /* Extension+LinearGradient.swift in Sources */,
				F24A84042F0963760033FEEA /* Extension+Image.swift in Sources */,
				F2B896F82F0551A000574736 /* Extension+Text.swift in Sources */,
				F24A83FB2F08496A0033FEEA /* TrackingService.swift in Sources */,
				F2F90B192F032B2B00319ACB /* Extension+View.swift in Sources */,
				F2F90B1C2F032B3C00319ACB /* OnbFourthScreenVC.swift in Sources */,
				F24A84072F0965970033FEEA /* RoundedRectangleAsBackgroundModifier.swift in Sources */,
				F2F90B1A2F032B2B00319ACB /* ContentView.swift in Sources */,
				F24A842D2F0976BF0033FEEA /* HomeRecentActivityAdapter.swift in Sources */,
				F24A84372F09926A0033FEEA /* ScanVM.swift in Sources */,
			);
			runOnlyForDeploymentPostprocessing = 0;
		};
/* End PBXSourcesBuildPhase section */

/* Begin XCBuildConfiguration section */
		F2F238732F02BB5700625BDA /* Debug */ = {
			isa = XCBuildConfiguration;
			buildSettings = {
				ALWAYS_SEARCH_USER_PATHS = NO;
				ASSETCATALOG_COMPILER_GENERATE_SWIFT_ASSET_SYMBOL_EXTENSIONS = YES;
				CLANG_ANALYZER_NONNULL = YES;
				CLANG_ANALYZER_NUMBER_OBJECT_CONVERSION = YES_AGGRESSIVE;
				CLANG_CXX_LANGUAGE_STANDARD = "gnu++20";
				CLANG_ENABLE_MODULES = YES;
				CLANG_ENABLE_OBJC_ARC = YES;
				CLANG_ENABLE_OBJC_WEAK = YES;
				CLANG_WARN_BLOCK_CAPTURE_AUTORELEASING = YES;
				CLANG_WARN_BOOL_CONVERSION = YES;
				CLANG_WARN_COMMA = YES;
				CLANG_WARN_CONSTANT_CONVERSION = YES;
				CLANG_WARN_DEPRECATED_OBJC_IMPLEMENTATIONS = YES;
				CLANG_WARN_DIRECT_OBJC_ISA_USAGE = YES_ERROR;
				CLANG_WARN_DOCUMENTATION_COMMENTS = YES;
				CLANG_WARN_EMPTY_BODY = YES;
				CLANG_WARN_ENUM_CONVERSION = YES;
				CLANG_WARN_INFINITE_RECURSION = YES;
				CLANG_WARN_INT_CONVERSION = YES;
				CLANG_WARN_NON_LITERAL_NULL_CONVERSION = YES;
				CLANG_WARN_OBJC_IMPLICIT_RETAIN_SELF = YES;
				CLANG_WARN_OBJC_LITERAL_CONVERSION = YES;
				CLANG_WARN_OBJC_ROOT_CLASS = YES_ERROR;
				CLANG_WARN_QUOTED_INCLUDE_IN_FRAMEWORK_HEADER = YES;
				CLANG_WARN_RANGE_LOOP_ANALYSIS = YES;
				CLANG_WARN_STRICT_PROTOTYPES = YES;
				CLANG_WARN_SUSPICIOUS_MOVE = YES;
				CLANG_WARN_UNGUARDED_AVAILABILITY = YES_AGGRESSIVE;
				CLANG_WARN_UNREACHABLE_CODE = YES;
				CLANG_WARN__DUPLICATE_METHOD_MATCH = YES;
				COPY_PHASE_STRIP = NO;
				DEBUG_INFORMATION_FORMAT = dwarf;
				DEVELOPMENT_TEAM = HS3N4SX6NK;
				ENABLE_STRICT_OBJC_MSGSEND = YES;
				ENABLE_TESTABILITY = YES;
				ENABLE_USER_SCRIPT_SANDBOXING = YES;
				GCC_C_LANGUAGE_STANDARD = gnu17;
				GCC_DYNAMIC_NO_PIC = NO;
				GCC_NO_COMMON_BLOCKS = YES;
				GCC_OPTIMIZATION_LEVEL = 0;
				GCC_PREPROCESSOR_DEFINITIONS = (
					"DEBUG=1",
					"$(inherited)",
				);
				GCC_WARN_64_TO_32_BIT_CONVERSION = YES;
				GCC_WARN_ABOUT_RETURN_TYPE = YES_ERROR;
				GCC_WARN_UNDECLARED_SELECTOR = YES;
				GCC_WARN_UNINITIALIZED_AUTOS = YES_AGGRESSIVE;
				GCC_WARN_UNUSED_FUNCTION = YES;
				GCC_WARN_UNUSED_VARIABLE = YES;
				IPHONEOS_DEPLOYMENT_TARGET = 18.5;
				LOCALIZATION_PREFERS_STRING_CATALOGS = YES;
				MTL_ENABLE_DEBUG_INFO = INCLUDE_SOURCE;
				MTL_FAST_MATH = YES;
				ONLY_ACTIVE_ARCH = YES;
				SDKROOT = iphoneos;
				SWIFT_ACTIVE_COMPILATION_CONDITIONS = "DEBUG $(inherited)";
				SWIFT_OPTIMIZATION_LEVEL = "-Onone";
			};
			name = Debug;
		};
		F2F238742F02BB5700625BDA /* Release */ = {
			isa = XCBuildConfiguration;
			buildSettings = {
				ALWAYS_SEARCH_USER_PATHS = NO;
				ASSETCATALOG_COMPILER_GENERATE_SWIFT_ASSET_SYMBOL_EXTENSIONS = YES;
				CLANG_ANALYZER_NONNULL = YES;
				CLANG_ANALYZER_NUMBER_OBJECT_CONVERSION = YES_AGGRESSIVE;
				CLANG_CXX_LANGUAGE_STANDARD = "gnu++20";
				CLANG_ENABLE_MODULES = YES;
				CLANG_ENABLE_OBJC_ARC = YES;
				CLANG_ENABLE_OBJC_WEAK = YES;
				CLANG_WARN_BLOCK_CAPTURE_AUTORELEASING = YES;
				CLANG_WARN_BOOL_CONVERSION = YES;
				CLANG_WARN_COMMA = YES;
				CLANG_WARN_CONSTANT_CONVERSION = YES;
				CLANG_WARN_DEPRECATED_OBJC_IMPLEMENTATIONS = YES;
				CLANG_WARN_DIRECT_OBJC_ISA_USAGE = YES_ERROR;
				CLANG_WARN_DOCUMENTATION_COMMENTS = YES;
				CLANG_WARN_EMPTY_BODY = YES;
				CLANG_WARN_ENUM_CONVERSION = YES;
				CLANG_WARN_INFINITE_RECURSION = YES;
				CLANG_WARN_INT_CONVERSION = YES;
				CLANG_WARN_NON_LITERAL_NULL_CONVERSION = YES;
				CLANG_WARN_OBJC_IMPLICIT_RETAIN_SELF = YES;
				CLANG_WARN_OBJC_LITERAL_CONVERSION = YES;
				CLANG_WARN_OBJC_ROOT_CLASS = YES_ERROR;
				CLANG_WARN_QUOTED_INCLUDE_IN_FRAMEWORK_HEADER = YES;
				CLANG_WARN_RANGE_LOOP_ANALYSIS = YES;
				CLANG_WARN_STRICT_PROTOTYPES = YES;
				CLANG_WARN_SUSPICIOUS_MOVE = YES;
				CLANG_WARN_UNGUARDED_AVAILABILITY = YES_AGGRESSIVE;
				CLANG_WARN_UNREACHABLE_CODE = YES;
				CLANG_WARN__DUPLICATE_METHOD_MATCH = YES;
				COPY_PHASE_STRIP = NO;
				DEBUG_INFORMATION_FORMAT = "dwarf-with-dsym";
				DEVELOPMENT_TEAM = HS3N4SX6NK;
				ENABLE_NS_ASSERTIONS = NO;
				ENABLE_STRICT_OBJC_MSGSEND = YES;
				ENABLE_USER_SCRIPT_SANDBOXING = YES;
				GCC_C_LANGUAGE_STANDARD = gnu17;
				GCC_NO_COMMON_BLOCKS = YES;
				GCC_WARN_64_TO_32_BIT_CONVERSION = YES;
				GCC_WARN_ABOUT_RETURN_TYPE = YES_ERROR;
				GCC_WARN_UNDECLARED_SELECTOR = YES;
				GCC_WARN_UNINITIALIZED_AUTOS = YES_AGGRESSIVE;
				GCC_WARN_UNUSED_FUNCTION = YES;
				GCC_WARN_UNUSED_VARIABLE = YES;
				IPHONEOS_DEPLOYMENT_TARGET = 18.5;
				LOCALIZATION_PREFERS_STRING_CATALOGS = YES;
				MTL_ENABLE_DEBUG_INFO = NO;
				MTL_FAST_MATH = YES;
				SDKROOT = iphoneos;
				SWIFT_COMPILATION_MODE = wholemodule;
				VALIDATE_PRODUCT = YES;
			};
			name = Release;
		};
		F2F238762F02BB5700625BDA /* Debug */ = {
			isa = XCBuildConfiguration;
			buildSettings = {
				ASSETCATALOG_COMPILER_APPICON_NAME = AppIcon;
				ASSETCATALOG_COMPILER_GLOBAL_ACCENT_COLOR_NAME = AccentColor;
				CODE_SIGN_STYLE = Automatic;
				CURRENT_PROJECT_VERSION = 1;
				DEVELOPMENT_TEAM = HS3N4SX6NK;
				ENABLE_PREVIEWS = YES;
				GENERATE_INFOPLIST_FILE = YES;
				INFOPLIST_FILE = MyQRCodesProject/Info.plist;
				INFOPLIST_KEY_CFBundleDisplayName = "My QR Codes";
				INFOPLIST_KEY_UIApplicationSceneManifest_Generation = YES;
				INFOPLIST_KEY_UIApplicationSupportsIndirectInputEvents = YES;
				INFOPLIST_KEY_UILaunchScreen_Generation = YES;
				INFOPLIST_KEY_UILaunchStoryboardName = "Lounch Screen.storyboard";
				INFOPLIST_KEY_UISupportedInterfaceOrientations = UIInterfaceOrientationPortrait;
				INFOPLIST_KEY_UISupportedInterfaceOrientations_iPad = "UIInterfaceOrientationLandscapeLeft UIInterfaceOrientationLandscapeRight UIInterfaceOrientationPortrait UIInterfaceOrientationPortraitUpsideDown";
				IPHONEOS_DEPLOYMENT_TARGET = 17.6;
				LD_RUNPATH_SEARCH_PATHS = (
					"$(inherited)",
					"@executable_path/Frameworks",
				);
				MARKETING_VERSION = 1.0;
				PRODUCT_BUNDLE_IDENTIFIER = egorpetkevich.MyQRCodesProject;
				PRODUCT_NAME = "$(TARGET_NAME)";
				SUPPORTED_PLATFORMS = "iphoneos iphonesimulator";
				SUPPORTS_MACCATALYST = NO;
				SUPPORTS_MAC_DESIGNED_FOR_IPHONE_IPAD = NO;
				SUPPORTS_XR_DESIGNED_FOR_IPHONE_IPAD = NO;
				SWIFT_EMIT_LOC_STRINGS = YES;
				SWIFT_VERSION = 5.0;
				TARGETED_DEVICE_FAMILY = 1;
			};
			name = Debug;
		};
		F2F238772F02BB5700625BDA /* Release */ = {
			isa = XCBuildConfiguration;
			buildSettings = {
				ASSETCATALOG_COMPILER_APPICON_NAME = AppIcon;
				ASSETCATALOG_COMPILER_GLOBAL_ACCENT_COLOR_NAME = AccentColor;
				CODE_SIGN_STYLE = Automatic;
				CURRENT_PROJECT_VERSION = 1;
				DEVELOPMENT_TEAM = HS3N4SX6NK;
				ENABLE_PREVIEWS = YES;
				GENERATE_INFOPLIST_FILE = YES;
				INFOPLIST_FILE = MyQRCodesProject/Info.plist;
				INFOPLIST_KEY_CFBundleDisplayName = "My QR Codes";
				INFOPLIST_KEY_UIApplicationSceneManifest_Generation = YES;
				INFOPLIST_KEY_UIApplicationSupportsIndirectInputEvents = YES;
				INFOPLIST_KEY_UILaunchScreen_Generation = YES;
				INFOPLIST_KEY_UILaunchStoryboardName = "Lounch Screen.storyboard";
				INFOPLIST_KEY_UISupportedInterfaceOrientations = UIInterfaceOrientationPortrait;
				INFOPLIST_KEY_UISupportedInterfaceOrientations_iPad = "UIInterfaceOrientationLandscapeLeft UIInterfaceOrientationLandscapeRight UIInterfaceOrientationPortrait UIInterfaceOrientationPortraitUpsideDown";
				IPHONEOS_DEPLOYMENT_TARGET = 17.6;
				LD_RUNPATH_SEARCH_PATHS = (
					"$(inherited)",
					"@executable_path/Frameworks",
				);
				MARKETING_VERSION = 1.0;
				PRODUCT_BUNDLE_IDENTIFIER = egorpetkevich.MyQRCodesProject;
				PRODUCT_NAME = "$(TARGET_NAME)";
				SUPPORTED_PLATFORMS = "iphoneos iphonesimulator";
				SUPPORTS_MACCATALYST = NO;
				SUPPORTS_MAC_DESIGNED_FOR_IPHONE_IPAD = NO;
				SUPPORTS_XR_DESIGNED_FOR_IPHONE_IPAD = NO;
				SWIFT_EMIT_LOC_STRINGS = YES;
				SWIFT_VERSION = 5.0;
				TARGETED_DEVICE_FAMILY = 1;
			};
			name = Release;
		};
/* End XCBuildConfiguration section */

/* Begin XCConfigurationList section */
		F2F238652F02BB5500625BDA /* Build configuration list for PBXProject "MyQRCodesProject" */ = {
			isa = XCConfigurationList;
			buildConfigurations = (
				F2F238732F02BB5700625BDA /* Debug */,
				F2F238742F02BB5700625BDA /* Release */,
			);
			defaultConfigurationIsVisible = 0;
			defaultConfigurationName = Release;
		};
		F2F238752F02BB5700625BDA /* Build configuration list for PBXNativeTarget "MyQRCodesProject" */ = {
			isa = XCConfigurationList;
			buildConfigurations = (
				F2F238762F02BB5700625BDA /* Debug */,
				F2F238772F02BB5700625BDA /* Release */,
			);
			defaultConfigurationIsVisible = 0;
			defaultConfigurationName = Release;
		};
/* End XCConfigurationList section */

/* Begin XCRemoteSwiftPackageReference section */
		F24A83EF2F0814FF0033FEEA /* XCRemoteSwiftPackageReference "AppsFlyerFramework" */ = {
			isa = XCRemoteSwiftPackageReference;
			repositoryURL = "https://github.com/AppsFlyerSDK/AppsFlyerFramework";
			requirement = {
				kind = upToNextMajorVersion;
				minimumVersion = 6.17.8;
			};
		};
		F2F238872F02BFAD00625BDA /* XCRemoteSwiftPackageReference "ApphudSDK" */ = {
			isa = XCRemoteSwiftPackageReference;
			repositoryURL = "https://github.com/apphud/ApphudSDK";
			requirement = {
				kind = exactVersion;
				version = 3.6.2;
			};
		};
/* End XCRemoteSwiftPackageReference section */

/* Begin XCSwiftPackageProductDependency section */
		F24A83F02F0814FF0033FEEA /* AppsFlyerLib */ = {
			isa = XCSwiftPackageProductDependency;
			package = F24A83EF2F0814FF0033FEEA /* XCRemoteSwiftPackageReference "AppsFlyerFramework" */;
			productName = AppsFlyerLib;
		};
		F2F238882F02BFAD00625BDA /* ApphudSDK */ = {
			isa = XCSwiftPackageProductDependency;
			package = F2F238872F02BFAD00625BDA /* XCRemoteSwiftPackageReference "ApphudSDK" */;
			productName = ApphudSDK;
		};
/* End XCSwiftPackageProductDependency section */

/* Begin XCVersionGroup section */
		F229E03A2F0A9D210042A145 /* QRCodesDataBase.xcdatamodeld */ = {
			isa = XCVersionGroup;
			children = (
				F229E03B2F0A9D210042A145 /* QRCodesDataBase.xcdatamodel */,
			);
			currentVersion = F229E03B2F0A9D210042A145 /* QRCodesDataBase.xcdatamodel */;
			path = QRCodesDataBase.xcdatamodeld;
			sourceTree = "<group>";
			versionGroupType = wrapper.xcdatamodel;
		};
/* End XCVersionGroup section */
	};
	rootObject = F2F238622F02BB5500625BDA /* Project object */;
}
