{
  "originHash" : "0dbc4146a940b4f7e12411f1195672d755df66b0e0abe07481f8a672ed66a53a",
  "pins" : [
    {
      "identity" : "apphudsdk",
      "kind" : "remoteSourceControl",
      "location" : "https://github.com/apphud/ApphudSDK",
      "state" : {
        "revision" : "a4d2b93384cc67fa6a853465ff345be6f84b0a72",
        "version" : "3.6.2"
      }
    },
    {
      "identity" : "appsflyerframework",
      "kind" : "remoteSourceControl",
      "location" : "https://github.com/AppsFlyerSDK/AppsFlyerFramework",
      "state" : {
        "revision" : "6cc9a9400a9d15e26d1ccf83ed9924c1dfbe8b75",
        "version" : "6.17.8"
      }
    }
  ],
  "version" : 3
}
